// !$*UTF8*$!
{
	archiveVersion = 1;
	classes = {
	};
	objectVersion = 46;
	objects = {

/* Begin PBXBuildFile section */
		B0BC5A581E4CCB910051CDB7 /* AppDelegate.swift in Sources */ = {isa = PBXBuildFile; fileRef = B0BC5A571E4CCB910051CDB7 /* AppDelegate.swift */; };
		B0BC5A5A1E4CCB910051CDB7 /* ViewController.swift in Sources */ = {isa = PBXBuildFile; fileRef = B0BC5A591E4CCB910051CDB7 /* ViewController.swift */; };
		B0BC5A5D1E4CCB910051CDB7 /* Main.storyboard in Resources */ = {isa = PBXBuildFile; fileRef = B0BC5A5B1E4CCB910051CDB7 /* Main.storyboard */; };
		B0BC5A5F1E4CCB910051CDB7 /* Assets.xcassets in Resources */ = {isa = PBXBuildFile; fileRef = B0BC5A5E1E4CCB910051CDB7 /* Assets.xcassets */; };
		B0BC5A621E4CCB910051CDB7 /* LaunchScreen.storyboard in Resources */ = {isa = PBXBuildFile; fileRef = B0BC5A601E4CCB910051CDB7 /* LaunchScreen.storyboard */; };
		B0BC5A6A1E4CCB9A0051CDB7 /* Canvas.swift in Sources */ = {isa = PBXBuildFile; fileRef = B0BC5A691E4CCB9A0051CDB7 /* Canvas.swift */; };
/* End PBXBuildFile section */

/* Begin PBXFileReference section */
		B0BC5A541E4CCB910051CDB7 /* Exercises.app */ = {isa = PBXFileReference; explicitFileType = wrapper.application; includeInIndex = 0; path = Exercises.app; sourceTree = BUILT_PRODUCTS_DIR; };
		B0BC5A571E4CCB910051CDB7 /* AppDelegate.swift */ = {isa = PBXFileReference; lastKnownFileType = sourcecode.swift; path = AppDelegate.swift; sourceTree = "<group>"; };
		B0BC5A591E4CCB910051CDB7 /* ViewController.swift */ = {isa = PBXFileReference; lastKnownFileType = sourcecode.swift; path = ViewController.swift; sourceTree = "<group>"; };
		B0BC5A5C1E4CCB910051CDB7 /* Base */ = {isa = PBXFileReference; lastKnownFileType = file.storyboard; name = Base; path = Base.lproj/Main.storyboard; sourceTree = "<group>"; };
		B0BC5A5E1E4CCB910051CDB7 /* Assets.xcassets */ = {isa = PBXFileReference; lastKnownFileType = folder.assetcatalog; path = Assets.xcassets; sourceTree = "<group>"; };
		B0BC5A611E4CCB910051CDB7 /* Base */ = {isa = PBXFileReference; lastKnownFileType = file.storyboard; name = Base; path = Base.lproj/LaunchScreen.storyboard; sourceTree = "<group>"; };
		B0BC5A631E4CCB910051CDB7 /* Info.plist */ = {isa = PBXFileReference; lastKnownFileType = text.plist.xml; path = Info.plist; sourceTree = "<group>"; };
		B0BC5A691E4CCB9A0051CDB7 /* Canvas.swift */ = {isa = PBXFileReference; fileEncoding = 4; lastKnownFileType = sourcecode.swift; path = Canvas.swift; sourceTree = "<group>"; };
/* End PBXFileReference section */

/* Begin PBXFrameworksBuildPhase section */
		B0BC5A511E4CCB910051CDB7 /* Frameworks */ = {
			isa = PBXFrameworksBuildPhase;
			buildActionMask = 2147483647;
			files = (
			);
			runOnlyForDeploymentPostprocessing = 0;
		};
/* End PBXFrameworksBuildPhase section */

/* Begin PBXGroup section */
		B0BC5A4B1E4CCB910051CDB7 = {
			isa = PBXGroup;
			children = (
				B0BC5A561E4CCB910051CDB7 /* Exercises */,
				B0BC5A551E4CCB910051CDB7 /* Products */,
			);
			sourceTree = "<group>";
		};
		B0BC5A551E4CCB910051CDB7 /* Products */ = {
			isa = PBXGroup;
			children = (
				B0BC5A541E4CCB910051CDB7 /* Exercises.app */,
			);
			name = Products;
			sourceTree = "<group>";
		};
		B0BC5A561E4CCB910051CDB7 /* Exercises */ = {
			isa = PBXGroup;
			children = (
				B0BC5A571E4CCB910051CDB7 /* AppDelegate.swift */,
				B0BC5A591E4CCB910051CDB7 /* ViewController.swift */,
				B0BC5A5B1E4CCB910051CDB7 /* Main.storyboard */,
				B0BC5A5E1E4CCB910051CDB7 /* Assets.xcassets */,
				B0BC5A601E4CCB910051CDB7 /* LaunchScreen.storyboard */,
				B0BC5A631E4CCB910051CDB7 /* Info.plist */,
				B0BC5A691E4CCB9A0051CDB7 /* Canvas.swift */,
			);
			path = Exercises;
			sourceTree = "<group>";
		};
/* End PBXGroup section */

/* Begin PBXNativeTarget section */
		B0BC5A531E4CCB910051CDB7 /* Exercises */ = {
			isa = PBXNativeTarget;
			buildConfigurationList = B0BC5A661E4CCB910051CDB7 /* Build configuration list for PBXNativeTarget "Exercises" */;
			buildPhases = (
				B0BC5A501E4CCB910051CDB7 /* Sources */,
				B0BC5A511E4CCB910051CDB7 /* Frameworks */,
				B0BC5A521E4CCB910051CDB7 /* Resources */,
			);
			buildRules = (
			);
			dependencies = (
			);
			name = Exercises;
			productName = Exercises;
			productReference = B0BC5A541E4CCB910051CDB7 /* Exercises.app */;
			productType = "com.apple.product-type.application";
		};
/* End PBXNativeTarget section */

/* Begin PBXProject section */
		B0BC5A4C1E4CCB910051CDB7 /* Project object */ = {
			isa = PBXProject;
			attributes = {
				LastSwiftUpdateCheck = 0820;
				LastUpgradeCheck = 1020;
				ORGANIZATIONNAME = "Adrian Kosmaczewski";
				TargetAttributes = {
					B0BC5A531E4CCB910051CDB7 = {
						CreatedOnToolsVersion = 8.2.1;
						LastSwiftMigration = 1020;
						ProvisioningStyle = Automatic;
					};
				};
			};
			buildConfigurationList = B0BC5A4F1E4CCB910051CDB7 /* Build configuration list for PBXProject "Exercises" */;
			compatibilityVersion = "Xcode 3.2";
			developmentRegion = en;
			hasScannedForEncodings = 0;
			knownRegions = (
				en,
				Base,
			);
			mainGroup = B0BC5A4B1E4CCB910051CDB7;
			productRefGroup = B0BC5A551E4CCB910051CDB7 /* Products */;
			projectDirPath = "";
			projectRoot = "";
			targets = (
				B0BC5A531E4CCB910051CDB7 /* Exercises */,
			);
		};
/* End PBXProject section */

/* Begin PBXResourcesBuildPhase section */
		B0BC5A521E4CCB910051CDB7 /* Resources */ = {
			isa = PBXResourcesBuildPhase;
			buildActionMask = 2147483647;
			files = (
				B0BC5A621E4CCB910051CDB7 /* LaunchScreen.storyboard in Resources */,
				B0BC5A5F1E4CCB910051CDB7 /* Assets.xcassets in Resources */,
				B0BC5A5D1E4CCB910051CDB7 /* Main.storyboard in Resources */,
			);
			runOnlyForDeploymentPostprocessing = 0;
		};
/* End PBXResourcesBuildPhase section */

/* Begin PBXSourcesBuildPhase section */
		B0BC5A501E4CCB910051CDB7 /* Sources */ = {
			isa = PBXSourcesBuildPhase;
			buildActionMask = 2147483647;
			files = (
				B0BC5A5A1E4CCB910051CDB7 /* ViewController.swift in Sources */,
				B0BC5A581E4CCB910051CDB7 /* AppDelegate.swift in Sources */,
				B0BC5A6A1E4CCB9A0051CDB7 /* Canvas.swift in Sources */,
			);
			runOnlyForDeploymentPostprocessing = 0;
		};
/* End PBXSourcesBuildPhase section */

/* Begin PBXVariantGroup section */
		B0BC5A5B1E4CCB910051CDB7 /* Main.storyboard */ = {
			isa = PBXVariantGroup;
			children = (
				B0BC5A5C1E4CCB910051CDB7 /* Base */,
			);
			name = Main.storyboard;
			sourceTree = "<group>";
		};
		B0BC5A601E4CCB910051CDB7 /* LaunchScreen.storyboard */ = {
			isa = PBXVariantGroup;
			children = (
				B0BC5A611E4CCB910051CDB7 /* Base */,
			);
			name = LaunchScreen.storyboard;
			sourceTree = "<group>";
		};
/* End PBXVariantGroup section */

/* Begin XCBuildConfiguration section */
		B0BC5A641E4CCB910051CDB7 /* Debug */ = {
			isa = XCBuildConfiguration;
			buildSettings = {
				ALWAYS_SEARCH_USER_PATHS = NO;
				CLANG_ANALYZER_NONNULL = YES;
				CLANG_CXX_LANGUAGE_STANDARD = "gnu++0x";
				CLANG_CXX_LIBRARY = "libc++";
				CLANG_ENABLE_MODULES = YES;
				CLANG_ENABLE_OBJC_ARC = YES;
				CLANG_WARN_BLOCK_CAPTURE_AUTORELEASING = YES;
				CLANG_WARN_BOOL_CONVERSION = YES;
				CLANG_WARN_COMMA = YES;
				CLANG_WARN_CONSTANT_CONVERSION = YES;
				CLANG_WARN_DEPRECATED_OBJC_IMPLEMENTATIONS = YES;
				CLANG_WARN_DIRECT_OBJC_ISA_USAGE = YES_ERROR;
				CLANG_WARN_DOCUMENTATION_COMMENTS = YES;
				CLANG_WARN_EMPTY_BODY = YES;
				CLANG_WARN_ENUM_CONVERSION = YES;
				CLANG_WARN_INFINITE_RECURSION = YES;
				CLANG_WARN_INT_CONVERSION = YES;
				CLANG_WARN_NON_LITERAL_NULL_CONVERSION = YES;
				CLANG_WARN_OBJC_IMPLICIT_RETAIN_SELF = YES;
				CLANG_WARN_OBJC_LITERAL_CONVERSION = YES;
				CLANG_WARN_OBJC_ROOT_CLASS = YES_ERROR;
				CLANG_WARN_RANGE_LOOP_ANALYSIS = YES;
				CLANG_WARN_STRICT_PROTOTYPES = YES;
				CLANG_WARN_SUSPICIOUS_MOVE = YES;
				CLANG_WARN_UNREACHABLE_CODE = YES;
				CLANG_WARN__DUPLICATE_METHOD_MATCH = YES;
				"CODE_SIGN_IDENTITY[sdk=iphoneos*]" = "iPhone Developer";
				COPY_PHASE_STRIP = NO;
				DEBUG_INFORMATION_FORMAT = dwarf;
				ENABLE_STRICT_OBJC_MSGSEND = YES;
				ENABLE_TESTABILITY = YES;
				GCC_C_LANGUAGE_STANDARD = gnu99;
				GCC_DYNAMIC_NO_PIC = NO;
				GCC_NO_COMMON_BLOCKS = YES;
				GCC_OPTIMIZATION_LEVEL = 0;
				GCC_PREPROCESSOR_DEFINITIONS = (
					"DEBUG=1",
					"$(inherited)",
				);
				GCC_WARN_64_TO_32_BIT_CONVERSION = YES;
				GCC_WARN_ABOUT_RETURN_TYPE = YES_ERROR;
				GCC_WARN_UNDECLARED_SELECTOR = YES;
				GCC_WARN_UNINITIALIZED_AUTOS = YES_AGGRESSIVE;
				GCC_WARN_UNUSED_FUNCTION = YES;
				GCC_WARN_UNUSED_VARIABLE = YES;
				IPHONEOS_DEPLOYMENT_TARGET = 10.2;
				MTL_ENABLE_DEBUG_INFO = YES;
				ONLY_ACTIVE_ARCH = YES;
				SDKROOT = iphoneos;
				SWIFT_ACTIVE_COMPILATION_CONDITIONS = DEBUG;
				SWIFT_OPTIMIZATION_LEVEL = "-Onone";
			};
			name = Debug;
		};
		B0BC5A651E4CCB910051CDB7 /* Release */ = {
			isa = XCBuildConfiguration;
			buildSettings = {
				ALWAYS_SEARCH_USER_PATHS = NO;
				CLANG_ANALYZER_NONNULL = YES;
				CLANG_CXX_LANGUAGE_STANDARD = "gnu++0x";
				CLANG_CXX_LIBRARY = "libc++";
				CLANG_ENABLE_MODULES = YES;
				CLANG_ENABLE_OBJC_ARC = YES;
				CLANG_WARN_BLOCK_CAPTURE_AUTORELEASING = YES;
				CLANG_WARN_BOOL_CONVERSION = YES;
				CLANG_WARN_COMMA = YES;
				CLANG_WARN_CONSTANT_CONVERSION = YES;
				CLANG_WARN_DEPRECATED_OBJC_IMPLEMENTATIONS = YES;
				CLANG_WARN_DIRECT_OBJC_ISA_USAGE = YES_ERROR;
				CLANG_WARN_DOCUMENTATION_COMMENTS = YES;
				CLANG_WARN_EMPTY_BODY = YES;
				CLANG_WARN_ENUM_CONVERSION = YES;
				CLANG_WARN_INFINITE_RECURSION = YES;
				CLANG_WARN_INT_CONVERSION = YES;
				CLANG_WARN_NON_LITERAL_NULL_CONVERSION = YES;
				CLANG_WARN_OBJC_IMPLICIT_RETAIN_SELF = YES;
				CLANG_WARN_OBJC_LITERAL_CONVERSION = YES;
				CLANG_WARN_OBJC_ROOT_CLASS = YES_ERROR;
				CLANG_WARN_RANGE_LOOP_ANALYSIS = YES;
				CLANG_WARN_STRICT_PROTOTYPES = YES;
				CLANG_WARN_SUSPICIOUS_MOVE = YES;
				CLANG_WARN_UNREACHABLE_CODE = YES;
				CLANG_WARN__DUPLICATE_METHOD_MATCH = YES;
				"CODE_SIGN_IDENTITY[sdk=iphoneos*]" = "iPhone Developer";
				COPY_PHASE_STRIP = NO;
				DEBUG_INFORMATION_FORMAT = "dwarf-with-dsym";
				ENABLE_NS_ASSERTIONS = NO;
				ENABLE_STRICT_OBJC_MSGSEND = YES;
				GCC_C_LANGUAGE_STANDARD = gnu99;
				GCC_NO_COMMON_BLOCKS = YES;
				GCC_WARN_64_TO_32_BIT_CONVERSION = YES;
				GCC_WARN_ABOUT_RETURN_TYPE = YES_ERROR;
				GCC_WARN_UNDECLARED_SELECTOR = YES;
				GCC_WARN_UNINITIALIZED_AUTOS = YES_AGGRESSIVE;
				GCC_WARN_UNUSED_FUNCTION = YES;
				GCC_WARN_UNUSED_VARIABLE = YES;
				IPHONEOS_DEPLOYMENT_TARGET = 10.2;
				MTL_ENABLE_DEBUG_INFO = NO;
				SDKROOT = iphoneos;
				SWIFT_OPTIMIZATION_LEVEL = "-Owholemodule";
				VALIDATE_PRODUCT = YES;
			};
			name = Release;
		};
		B0BC5A671E4CCB910051CDB7 /* Debug */ = {
			isa = XCBuildConfiguration;
			buildSettings = {
				ASSETCATALOG_COMPILER_APPICON_NAME = AppIcon;
				DEVELOPMENT_TEAM = "";
				INFOPLIST_FILE = Exercises/Info.plist;
				LD_RUNPATH_SEARCH_PATHS = "$(inherited) @executable_path/Frameworks";
				PRODUCT_BUNDLE_IDENTIFIER = training.akosma.Exercises;
				PRODUCT_NAME = "$(TARGET_NAME)";
				SWIFT_VERSION = 5.0;
			};
			name = Debug;
		};
		B0BC5A681E4CCB910051CDB7 /* Release */ = {
			isa = XCBuildConfiguration;
			buildSettings = {
				ASSETCATALOG_COMPILER_APPICON_NAME = AppIcon;
				DEVELOPMENT_TEAM = "";
				INFOPLIST_FILE = Exercises/Info.plist;
				LD_RUNPATH_SEARCH_PATHS = "$(inherited) @executable_path/Frameworks";
				PRODUCT_BUNDLE_IDENTIFIER = training.akosma.Exercises;
				PRODUCT_NAME = "$(TARGET_NAME)";
				SWIFT_VERSION = 5.0;
			};
			name = Release;
		};
/* End XCBuildConfiguration section */

/* Begin XCConfigurationList section */
		B0BC5A4F1E4CCB910051CDB7 /* Build configuration list for PBXProject "Exercises" */ = {
			isa = XCConfigurationList;
			buildConfigurations = (
				B0BC5A641E4CCB910051CDB7 /* Debug */,
				B0BC5A651E4CCB910051CDB7 /* Release */,
			);
			defaultConfigurationIsVisible = 0;
			defaultConfigurationName = Release;
		};
		B0BC5A661E4CCB910051CDB7 /* Build configuration list for PBXNativeTarget "Exercises" */ = {
			isa = XCConfigurationList;
			buildConfigurations = (
				B0BC5A671E4CCB910051CDB7 /* Debug */,
				B0BC5A681E4CCB910051CDB7 /* Release */,
			);
			defaultConfigurationIsVisible = 0;
			defaultConfigurationName = Release;
		};
/* End XCConfigurationList section */
	};
	rootObject = B0BC5A4C1E4CCB910051CDB7 /* Project object */;
}
