// !$*UTF8*$!
{
	archiveVersion = 1;
	classes = {
	};
	objectVersion = 50;
	objects = {

/* Begin PBXBuildFile section */
		E2B43EA42199C96900B9C46D /* AppDelegate.swift in Sources */ = {isa = PBXBuildFile; fileRef = E2B43EA32199C96900B9C46D /* AppDelegate.swift */; };
		E2B43EA62199C96900B9C46D /* ViewController.swift in Sources */ = {isa = PBXBuildFile; fileRef = E2B43EA52199C96900B9C46D /* ViewController.swift */; };
		E2B43EA92199C96900B9C46D /* Main.storyboard in Resources */ = {isa = PBXBuildFile; fileRef = E2B43EA72199C96900B9C46D /* Main.storyboard */; };
		E2B43EAB2199C96A00B9C46D /* Assets.xcassets in Resources */ = {isa = PBXBuildFile; fileRef = E2B43EAA2199C96A00B9C46D /* Assets.xcassets */; };
		E2B43EAE2199C96A00B9C46D /* LaunchScreen.storyboard in Resources */ = {isa = PBXBuildFile; fileRef = E2B43EAC2199C96A00B9C46D /* LaunchScreen.storyboard */; };
		E2B43EB92199C96A00B9C46D /* StoryB2018Tests.swift in Sources */ = {isa = PBXBuildFile; fileRef = E2B43EB82199C96A00B9C46D /* StoryB2018Tests.swift */; };
		E2B43EC42199CC5F00B9C46D /* BlueViewController.swift in Sources */ = {isa = PBXBuildFile; fileRef = E2B43EC32199CC5E00B9C46D /* BlueViewController.swift */; };
		E2B43EC72199CE8C00B9C46D /* WhiteViewController.swift in Sources */ = {isa = PBXBuildFile; fileRef = E2B43EC52199CE8C00B9C46D /* WhiteViewController.swift */; };
		E2B43EC82199CE8C00B9C46D /* WhiteViewController.xib in Resources */ = {isa = PBXBuildFile; fileRef = E2B43EC62199CE8C00B9C46D /* WhiteViewController.xib */; };
		E2B43ECB2199CECB00B9C46D /* OrangeViewController.swift in Sources */ = {isa = PBXBuildFile; fileRef = E2B43EC92199CECB00B9C46D /* OrangeViewController.swift */; };
		E2B43ECC2199CECB00B9C46D /* OrangeViewController.xib in Resources */ = {isa = PBXBuildFile; fileRef = E2B43ECA2199CECB00B9C46D /* OrangeViewController.xib */; };
		E2B43ECE2199D4FE00B9C46D /* Second.storyboard in Resources */ = {isa = PBXBuildFile; fileRef = E2B43ECD2199D4FE00B9C46D /* Second.storyboard */; };
/* End PBXBuildFile section */

/* Begin PBXContainerItemProxy section */
		E2B43EB52199C96A00B9C46D /* PBXContainerItemProxy */ = {
			isa = PBXContainerItemProxy;
			containerPortal = E2B43E982199C96900B9C46D /* Project object */;
			proxyType = 1;
			remoteGlobalIDString = E2B43E9F2199C96900B9C46D;
			remoteInfo = StoryB2018;
		};
/* End PBXContainerItemProxy section */

/* Begin PBXFileReference section */
		E2B43EA02199C96900B9C46D /* StoryB2018.app */ = {isa = PBXFileReference; explicitFileType = wrapper.application; includeInIndex = 0; path = StoryB2018.app; sourceTree = BUILT_PRODUCTS_DIR; };
		E2B43EA32199C96900B9C46D /* AppDelegate.swift */ = {isa = PBXFileReference; lastKnownFileType = sourcecode.swift; path = AppDelegate.swift; sourceTree = "<group>"; };
		E2B43EA52199C96900B9C46D /* ViewController.swift */ = {isa = PBXFileReference; lastKnownFileType = sourcecode.swift; path = ViewController.swift; sourceTree = "<group>"; };
		E2B43EA82199C96900B9C46D /* Base */ = {isa = PBXFileReference; lastKnownFileType = file.storyboard; name = Base; path = Base.lproj/Main.storyboard; sourceTree = "<group>"; };
		E2B43EAA2199C96A00B9C46D /* Assets.xcassets */ = {isa = PBXFileReference; lastKnownFileType = folder.assetcatalog; path = Assets.xcassets; sourceTree = "<group>"; };
		E2B43EAD2199C96A00B9C46D /* Base */ = {isa = PBXFileReference; lastKnownFileType = file.storyboard; name = Base; path = Base.lproj/LaunchScreen.storyboard; sourceTree = "<group>"; };
		E2B43EAF2199C96A00B9C46D /* Info.plist */ = {isa = PBXFileReference; lastKnownFileType = text.plist.xml; path = Info.plist; sourceTree = "<group>"; };
		E2B43EB42199C96A00B9C46D /* StoryB2018Tests.xctest */ = {isa = PBXFileReference; explicitFileType = wrapper.cfbundle; includeInIndex = 0; path = StoryB2018Tests.xctest; sourceTree = BUILT_PRODUCTS_DIR; };
		E2B43EB82199C96A00B9C46D /* StoryB2018Tests.swift */ = {isa = PBXFileReference; lastKnownFileType = sourcecode.swift; path = StoryB2018Tests.swift; sourceTree = "<group>"; };
		E2B43EBA2199C96A00B9C46D /* Info.plist */ = {isa = PBXFileReference; lastKnownFileType = text.plist.xml; path = Info.plist; sourceTree = "<group>"; };
		E2B43EC32199CC5E00B9C46D /* BlueViewController.swift */ = {isa = PBXFileReference; lastKnownFileType = sourcecode.swift; path = BlueViewController.swift; sourceTree = "<group>"; };
		E2B43EC52199CE8C00B9C46D /* WhiteViewController.swift */ = {isa = PBXFileReference; lastKnownFileType = sourcecode.swift; path = WhiteViewController.swift; sourceTree = "<group>"; };
		E2B43EC62199CE8C00B9C46D /* WhiteViewController.xib */ = {isa = PBXFileReference; lastKnownFileType = file.xib; path = WhiteViewController.xib; sourceTree = "<group>"; };
		E2B43EC92199CECB00B9C46D /* OrangeViewController.swift */ = {isa = PBXFileReference; lastKnownFileType = sourcecode.swift; path = OrangeViewController.swift; sourceTree = "<group>"; };
		E2B43ECA2199CECB00B9C46D /* OrangeViewController.xib */ = {isa = PBXFileReference; lastKnownFileType = file.xib; path = OrangeViewController.xib; sourceTree = "<group>"; };
		E2B43ECD2199D4FE00B9C46D /* Second.storyboard */ = {isa = PBXFileReference; lastKnownFileType = file.storyboard; path = Second.storyboard; sourceTree = "<group>"; };
/* End PBXFileReference section */

/* Begin PBXFrameworksBuildPhase section */
		E2B43E9D2199C96900B9C46D /* Frameworks */ = {
			isa = PBXFrameworksBuildPhase;
			buildActionMask = 2147483647;
			files = (
			);
			runOnlyForDeploymentPostprocessing = 0;
		};
		E2B43EB12199C96A00B9C46D /* Frameworks */ = {
			isa = PBXFrameworksBuildPhase;
			buildActionMask = 2147483647;
			files = (
			);
			runOnlyForDeploymentPostprocessing = 0;
		};
/* End PBXFrameworksBuildPhase section */

/* Begin PBXGroup section */
		E2B43E972199C96900B9C46D = {
			isa = PBXGroup;
			children = (
				E2B43EA22199C96900B9C46D /* StoryB2018 */,
				E2B43EB72199C96A00B9C46D /* StoryB2018Tests */,
				E2B43EA12199C96900B9C46D /* Products */,
			);
			sourceTree = "<group>";
		};
		E2B43EA12199C96900B9C46D /* Products */ = {
			isa = PBXGroup;
			children = (
				E2B43EA02199C96900B9C46D /* StoryB2018.app */,
				E2B43EB42199C96A00B9C46D /* StoryB2018Tests.xctest */,
			);
			name = Products;
			sourceTree = "<group>";
		};
		E2B43EA22199C96900B9C46D /* StoryB2018 */ = {
			isa = PBXGroup;
			children = (
				E2B43EA32199C96900B9C46D /* AppDelegate.swift */,
				E2B43EA52199C96900B9C46D /* ViewController.swift */,
				E2B43EC32199CC5E00B9C46D /* BlueViewController.swift */,
				E2B43EA72199C96900B9C46D /* Main.storyboard */,
				E2B43ECD2199D4FE00B9C46D /* Second.storyboard */,
				E2B43EAA2199C96A00B9C46D /* Assets.xcassets */,
				E2B43EAC2199C96A00B9C46D /* LaunchScreen.storyboard */,
				E2B43EAF2199C96A00B9C46D /* Info.plist */,
				E2B43EC52199CE8C00B9C46D /* WhiteViewController.swift */,
				E2B43EC62199CE8C00B9C46D /* WhiteViewController.xib */,
				E2B43EC92199CECB00B9C46D /* OrangeViewController.swift */,
				E2B43ECA2199CECB00B9C46D /* OrangeViewController.xib */,
			);
			path = StoryB2018;
			sourceTree = "<group>";
		};
		E2B43EB72199C96A00B9C46D /* StoryB2018Tests */ = {
			isa = PBXGroup;
			children = (
				E2B43EB82199C96A00B9C46D /* StoryB2018Tests.swift */,
				E2B43EBA2199C96A00B9C46D /* Info.plist */,
			);
			path = StoryB2018Tests;
			sourceTree = "<group>";
		};
/* End PBXGroup section */

/* Begin PBXNativeTarget section */
		E2B43E9F2199C96900B9C46D /* StoryB2018 */ = {
			isa = PBXNativeTarget;
			buildConfigurationList = E2B43EBD2199C96A00B9C46D /* Build configuration list for PBXNativeTarget "StoryB2018" */;
			buildPhases = (
				E2B43E9C2199C96900B9C46D /* Sources */,
				E2B43E9D2199C96900B9C46D /* Frameworks */,
				E2B43E9E2199C96900B9C46D /* Resources */,
			);
			buildRules = (
			);
			dependencies = (
			);
			name = StoryB2018;
			productName = StoryB2018;
			productReference = E2B43EA02199C96900B9C46D /* StoryB2018.app */;
			productType = "com.apple.product-type.application";
		};
		E2B43EB32199C96A00B9C46D /* StoryB2018Tests */ = {
			isa = PBXNativeTarget;
			buildConfigurationList = E2B43EC02199C96A00B9C46D /* Build configuration list for PBXNativeTarget "StoryB2018Tests" */;
			buildPhases = (
				E2B43EB02199C96A00B9C46D /* Sources */,
				E2B43EB12199C96A00B9C46D /* Frameworks */,
				E2B43EB22199C96A00B9C46D /* Resources */,
			);
			buildRules = (
			);
			dependencies = (
				E2B43EB62199C96A00B9C46D /* PBXTargetDependency */,
			);
			name = StoryB2018Tests;
			productName = StoryB2018Tests;
			productReference = E2B43EB42199C96A00B9C46D /* StoryB2018Tests.xctest */;
			productType = "com.apple.product-type.bundle.unit-test";
		};
/* End PBXNativeTarget section */

/* Begin PBXProject section */
		E2B43E982199C96900B9C46D /* Project object */ = {
			isa = PBXProject;
			attributes = {
				LastSwiftUpdateCheck = 1010;
				LastUpgradeCheck = 1010;
				ORGANIZATIONNAME = approppo;
				TargetAttributes = {
					E2B43E9F2199C96900B9C46D = {
						CreatedOnToolsVersion = 10.1;
						LastSwiftMigration = 1020;
					};
					E2B43EB32199C96A00B9C46D = {
						CreatedOnToolsVersion = 10.1;
						LastSwiftMigration = 1020;
						TestTargetID = E2B43E9F2199C96900B9C46D;
					};
				};
			};
			buildConfigurationList = E2B43E9B2199C96900B9C46D /* Build configuration list for PBXProject "StoryB2018" */;
			compatibilityVersion = "Xcode 9.3";
			developmentRegion = en;
			hasScannedForEncodings = 0;
			knownRegions = (
				en,
				Base,
			);
			mainGroup = E2B43E972199C96900B9C46D;
			productRefGroup = E2B43EA12199C96900B9C46D /* Products */;
			projectDirPath = "";
			projectRoot = "";
			targets = (
				E2B43E9F2199C96900B9C46D /* StoryB2018 */,
				E2B43EB32199C96A00B9C46D /* StoryB2018Tests */,
			);
		};
/* End PBXProject section */

/* Begin PBXResourcesBuildPhase section */
		E2B43E9E2199C96900B9C46D /* Resources */ = {
			isa = PBXResourcesBuildPhase;
			buildActionMask = 2147483647;
			files = (
				E2B43ECE2199D4FE00B9C46D /* Second.storyboard in Resources */,
				E2B43EC82199CE8C00B9C46D /* WhiteViewController.xib in Resources */,
				E2B43ECC2199CECB00B9C46D /* OrangeViewController.xib in Resources */,
				E2B43EAE2199C96A00B9C46D /* LaunchScreen.storyboard in Resources */,
				E2B43EAB2199C96A00B9C46D /* Assets.xcassets in Resources */,
				E2B43EA92199C96900B9C46D /* Main.storyboard in Resources */,
			);
			runOnlyForDeploymentPostprocessing = 0;
		};
		E2B43EB22199C96A00B9C46D /* Resources */ = {
			isa = PBXResourcesBuildPhase;
			buildActionMask = 2147483647;
			files = (
			);
			runOnlyForDeploymentPostprocessing = 0;
		};
/* End PBXResourcesBuildPhase section */

/* Begin PBXSourcesBuildPhase section */
		E2B43E9C2199C96900B9C46D /* Sources */ = {
			isa = PBXSourcesBuildPhase;
			buildActionMask = 2147483647;
			files = (
				E2B43EC72199CE8C00B9C46D /* WhiteViewController.swift in Sources */,
				E2B43ECB2199CECB00B9C46D /* OrangeViewController.swift in Sources */,
				E2B43EA62199C96900B9C46D /* ViewController.swift in Sources */,
				E2B43EC42199CC5F00B9C46D /* BlueViewController.swift in Sources */,
				E2B43EA42199C96900B9C46D /* AppDelegate.swift in Sources */,
			);
			runOnlyForDeploymentPostprocessing = 0;
		};
		E2B43EB02199C96A00B9C46D /* Sources */ = {
			isa = PBXSourcesBuildPhase;
			buildActionMask = 2147483647;
			files = (
				E2B43EB92199C96A00B9C46D /* StoryB2018Tests.swift in Sources */,
			);
			runOnlyForDeploymentPostprocessing = 0;
		};
/* End PBXSourcesBuildPhase section */

/* Begin PBXTargetDependency section */
		E2B43EB62199C96A00B9C46D /* PBXTargetDependency */ = {
			isa = PBXTargetDependency;
			target = E2B43E9F2199C96900B9C46D /* StoryB2018 */;
			targetProxy = E2B43EB52199C96A00B9C46D /* PBXContainerItemProxy */;
		};
/* End PBXTargetDependency section */

/* Begin PBXVariantGroup section */
		E2B43EA72199C96900B9C46D /* Main.storyboard */ = {
			isa = PBXVariantGroup;
			children = (
				E2B43EA82199C96900B9C46D /* Base */,
			);
			name = Main.storyboard;
			sourceTree = "<group>";
		};
		E2B43EAC2199C96A00B9C46D /* LaunchScreen.storyboard */ = {
			isa = PBXVariantGroup;
			children = (
				E2B43EAD2199C96A00B9C46D /* Base */,
			);
			name = LaunchScreen.storyboard;
			sourceTree = "<group>";
		};
/* End PBXVariantGroup section */

/* Begin XCBuildConfiguration section */
		E2B43EBB2199C96A00B9C46D /* Debug */ = {
			isa = XCBuildConfiguration;
			buildSettings = {
				ALWAYS_SEARCH_USER_PATHS = NO;
				CLANG_ANALYZER_NONNULL = YES;
				CLANG_ANALYZER_NUMBER_OBJECT_CONVERSION = YES_AGGRESSIVE;
				CLANG_CXX_LANGUAGE_STANDARD = "gnu++14";
				CLANG_CXX_LIBRARY = "libc++";
				CLANG_ENABLE_MODULES = YES;
				CLANG_ENABLE_OBJC_ARC = YES;
				CLANG_ENABLE_OBJC_WEAK = YES;
				CLANG_WARN_BLOCK_CAPTURE_AUTORELEASING = YES;
				CLANG_WARN_BOOL_CONVERSION = YES;
				CLANG_WARN_COMMA = YES;
				CLANG_WARN_CONSTANT_CONVERSION = YES;
				CLANG_WARN_DEPRECATED_OBJC_IMPLEMENTATIONS = YES;
				CLANG_WARN_DIRECT_OBJC_ISA_USAGE = YES_ERROR;
				CLANG_WARN_DOCUMENTATION_COMMENTS = YES;
				CLANG_WARN_EMPTY_BODY = YES;
				CLANG_WARN_ENUM_CONVERSION = YES;
				CLANG_WARN_INFINITE_RECURSION = YES;
				CLANG_WARN_INT_CONVERSION = YES;
				CLANG_WARN_NON_LITERAL_NULL_CONVERSION = YES;
				CLANG_WARN_OBJC_IMPLICIT_RETAIN_SELF = YES;
				CLANG_WARN_OBJC_LITERAL_CONVERSION = YES;
				CLANG_WARN_OBJC_ROOT_CLASS = YES_ERROR;
				CLANG_WARN_RANGE_LOOP_ANALYSIS = YES;
				CLANG_WARN_STRICT_PROTOTYPES = YES;
				CLANG_WARN_SUSPICIOUS_MOVE = YES;
				CLANG_WARN_UNGUARDED_AVAILABILITY = YES_AGGRESSIVE;
				CLANG_WARN_UNREACHABLE_CODE = YES;
				CLANG_WARN__DUPLICATE_METHOD_MATCH = YES;
				CODE_SIGN_IDENTITY = "iPhone Developer";
				COPY_PHASE_STRIP = NO;
				DEBUG_INFORMATION_FORMAT = dwarf;
				ENABLE_STRICT_OBJC_MSGSEND = YES;
				ENABLE_TESTABILITY = YES;
				GCC_C_LANGUAGE_STANDARD = gnu11;
				GCC_DYNAMIC_NO_PIC = NO;
				GCC_NO_COMMON_BLOCKS = YES;
				GCC_OPTIMIZATION_LEVEL = 0;
				GCC_PREPROCESSOR_DEFINITIONS = (
					"DEBUG=1",
					"$(inherited)",
				);
				GCC_WARN_64_TO_32_BIT_CONVERSION = YES;
				GCC_WARN_ABOUT_RETURN_TYPE = YES_ERROR;
				GCC_WARN_UNDECLARED_SELECTOR = YES;
				GCC_WARN_UNINITIALIZED_AUTOS = YES_AGGRESSIVE;
				GCC_WARN_UNUSED_FUNCTION = YES;
				GCC_WARN_UNUSED_VARIABLE = YES;
				IPHONEOS_DEPLOYMENT_TARGET = 12.1;
				MTL_ENABLE_DEBUG_INFO = INCLUDE_SOURCE;
				MTL_FAST_MATH = YES;
				ONLY_ACTIVE_ARCH = YES;
				SDKROOT = iphoneos;
				SWIFT_ACTIVE_COMPILATION_CONDITIONS = DEBUG;
				SWIFT_OPTIMIZATION_LEVEL = "-Onone";
			};
			name = Debug;
		};
		E2B43EBC2199C96A00B9C46D /* Release */ = {
			isa = XCBuildConfiguration;
			buildSettings = {
				ALWAYS_SEARCH_USER_PATHS = NO;
				CLANG_ANALYZER_NONNULL = YES;
				CLANG_ANALYZER_NUMBER_OBJECT_CONVERSION = YES_AGGRESSIVE;
				CLANG_CXX_LANGUAGE_STANDARD = "gnu++14";
				CLANG_CXX_LIBRARY = "libc++";
				CLANG_ENABLE_MODULES = YES;
				CLANG_ENABLE_OBJC_ARC = YES;
				CLANG_ENABLE_OBJC_WEAK = YES;
				CLANG_WARN_BLOCK_CAPTURE_AUTORELEASING = YES;
				CLANG_WARN_BOOL_CONVERSION = YES;
				CLANG_WARN_COMMA = YES;
				CLANG_WARN_CONSTANT_CONVERSION = YES;
				CLANG_WARN_DEPRECATED_OBJC_IMPLEMENTATIONS = YES;
				CLANG_WARN_DIRECT_OBJC_ISA_USAGE = YES_ERROR;
				CLANG_WARN_DOCUMENTATION_COMMENTS = YES;
				CLANG_WARN_EMPTY_BODY = YES;
				CLANG_WARN_ENUM_CONVERSION = YES;
				CLANG_WARN_INFINITE_RECURSION = YES;
				CLANG_WARN_INT_CONVERSION = YES;
				CLANG_WARN_NON_LITERAL_NULL_CONVERSION = YES;
				CLANG_WARN_OBJC_IMPLICIT_RETAIN_SELF = YES;
				CLANG_WARN_OBJC_LITERAL_CONVERSION = YES;
				CLANG_WARN_OBJC_ROOT_CLASS = YES_ERROR;
				CLANG_WARN_RANGE_LOOP_ANALYSIS = YES;
				CLANG_WARN_STRICT_PROTOTYPES = YES;
				CLANG_WARN_SUSPICIOUS_MOVE = YES;
				CLANG_WARN_UNGUARDED_AVAILABILITY = YES_AGGRESSIVE;
				CLANG_WARN_UNREACHABLE_CODE = YES;
				CLANG_WARN__DUPLICATE_METHOD_MATCH = YES;
				CODE_SIGN_IDENTITY = "iPhone Developer";
				COPY_PHASE_STRIP = NO;
				DEBUG_INFORMATION_FORMAT = "dwarf-with-dsym";
				ENABLE_NS_ASSERTIONS = NO;
				ENABLE_STRICT_OBJC_MSGSEND = YES;
				GCC_C_LANGUAGE_STANDARD = gnu11;
				GCC_NO_COMMON_BLOCKS = YES;
				GCC_WARN_64_TO_32_BIT_CONVERSION = YES;
				GCC_WARN_ABOUT_RETURN_TYPE = YES_ERROR;
				GCC_WARN_UNDECLARED_SELECTOR = YES;
				GCC_WARN_UNINITIALIZED_AUTOS = YES_AGGRESSIVE;
				GCC_WARN_UNUSED_FUNCTION = YES;
				GCC_WARN_UNUSED_VARIABLE = YES;
				IPHONEOS_DEPLOYMENT_TARGET = 12.1;
				MTL_ENABLE_DEBUG_INFO = NO;
				MTL_FAST_MATH = YES;
				SDKROOT = iphoneos;
				SWIFT_COMPILATION_MODE = wholemodule;
				SWIFT_OPTIMIZATION_LEVEL = "-O";
				VALIDATE_PRODUCT = YES;
			};
			name = Release;
		};
		E2B43EBE2199C96A00B9C46D /* Debug */ = {
			isa = XCBuildConfiguration;
			buildSettings = {
				ASSETCATALOG_COMPILER_APPICON_NAME = AppIcon;
				CODE_SIGN_STYLE = Automatic;
				DEVELOPMENT_TEAM = JQ9WMKDP74;
				INFOPLIST_FILE = StoryB2018/Info.plist;
				LD_RUNPATH_SEARCH_PATHS = (
					"$(inherited)",
					"@executable_path/Frameworks",
				);
				PRODUCT_BUNDLE_IDENTIFIER = ch.approppo.StoryB2018;
				PRODUCT_NAME = "$(TARGET_NAME)";
				SWIFT_VERSION = 5.0;
				TARGETED_DEVICE_FAMILY = "1,2";
			};
			name = Debug;
		};
		E2B43EBF2199C96A00B9C46D /* Release */ = {
			isa = XCBuildConfiguration;
			buildSettings = {
				ASSETCATALOG_COMPILER_APPICON_NAME = AppIcon;
				CODE_SIGN_STYLE = Automatic;
				DEVELOPMENT_TEAM = JQ9WMKDP74;
				INFOPLIST_FILE = StoryB2018/Info.plist;
				LD_RUNPATH_SEARCH_PATHS = (
					"$(inherited)",
					"@executable_path/Frameworks",
				);
				PRODUCT_BUNDLE_IDENTIFIER = ch.approppo.StoryB2018;
				PRODUCT_NAME = "$(TARGET_NAME)";
				SWIFT_VERSION = 5.0;
				TARGETED_DEVICE_FAMILY = "1,2";
			};
			name = Release;
		};
		E2B43EC12199C96A00B9C46D /* Debug */ = {
			isa = XCBuildConfiguration;
			buildSettings = {
				ALWAYS_EMBED_SWIFT_STANDARD_LIBRARIES = YES;
				BUNDLE_LOADER = "$(TEST_HOST)";
				CODE_SIGN_STYLE = Automatic;
				DEVELOPMENT_TEAM = JQ9WMKDP74;
				INFOPLIST_FILE = StoryB2018Tests/Info.plist;
				LD_RUNPATH_SEARCH_PATHS = (
					"$(inherited)",
					"@executable_path/Frameworks",
					"@loader_path/Frameworks",
				);
				PRODUCT_BUNDLE_IDENTIFIER = ch.approppo.StoryB2018Tests;
				PRODUCT_NAME = "$(TARGET_NAME)";
				SWIFT_VERSION = 5.0;
				TARGETED_DEVICE_FAMILY = "1,2";
				TEST_HOST = "$(BUILT_PRODUCTS_DIR)/StoryB2018.app/StoryB2018";
			};
			name = Debug;
		};
		E2B43EC22199C96A00B9C46D /* Release */ = {
			isa = XCBuildConfiguration;
			buildSettings = {
				ALWAYS_EMBED_SWIFT_STANDARD_LIBRARIES = YES;
				BUNDLE_LOADER = "$(TEST_HOST)";
				CODE_SIGN_STYLE = Automatic;
				DEVELOPMENT_TEAM = JQ9WMKDP74;
				INFOPLIST_FILE = StoryB2018Tests/Info.plist;
				LD_RUNPATH_SEARCH_PATHS = (
					"$(inherited)",
					"@executable_path/Frameworks",
					"@loader_path/Frameworks",
				);
				PRODUCT_BUNDLE_IDENTIFIER = ch.approppo.StoryB2018Tests;
				PRODUCT_NAME = "$(TARGET_NAME)";
				SWIFT_VERSION = 5.0;
				TARGETED_DEVICE_FAMILY = "1,2";
				TEST_HOST = "$(BUILT_PRODUCTS_DIR)/StoryB2018.app/StoryB2018";
			};
			name = Release;
		};
/* End XCBuildConfiguration section */

/* Begin XCConfigurationList section */
		E2B43E9B2199C96900B9C46D /* Build configuration list for PBXProject "StoryB2018" */ = {
			isa = XCConfigurationList;
			buildConfigurations = (
				E2B43EBB2199C96A00B9C46D /* Debug */,
				E2B43EBC2199C96A00B9C46D /* Release */,
			);
			defaultConfigurationIsVisible = 0;
			defaultConfigurationName = Release;
		};
		E2B43EBD2199C96A00B9C46D /* Build configuration list for PBXNativeTarget "StoryB2018" */ = {
			isa = XCConfigurationList;
			buildConfigurations = (
				E2B43EBE2199C96A00B9C46D /* Debug */,
				E2B43EBF2199C96A00B9C46D /* Release */,
			);
			defaultConfigurationIsVisible = 0;
			defaultConfigurationName = Release;
		};
		E2B43EC02199C96A00B9C46D /* Build configuration list for PBXNativeTarget "StoryB2018Tests" */ = {
			isa = XCConfigurationList;
			buildConfigurations = (
				E2B43EC12199C96A00B9C46D /* Debug */,
				E2B43EC22199C96A00B9C46D /* Release */,
			);
			defaultConfigurationIsVisible = 0;
			defaultConfigurationName = Release;
		};
/* End XCConfigurationList section */
	};
	rootObject = E2B43E982199C96900B9C46D /* Project object */;
}
