// !$*UTF8*$!
{
	archiveVersion = 1;
	classes = {
	};
	objectVersion = 46;
	objects = {

/* Begin PBXBuildFile section */
		B0830FD81E534D6B005DA583 /* AppDelegate.swift in Sources */ = {isa = PBXBuildFile; fileRef = B0830FD71E534D6B005DA583 /* AppDelegate.swift */; };
		B0830FDA1E534D6B005DA583 /* ViewController.swift in Sources */ = {isa = PBXBuildFile; fileRef = B0830FD91E534D6B005DA583 /* ViewController.swift */; };
		B0830FDD1E534D6B005DA583 /* Main.storyboard in Resources */ = {isa = PBXBuildFile; fileRef = B0830FDB1E534D6B005DA583 /* Main.storyboard */; };
		B0830FDF1E534D6B005DA583 /* Assets.xcassets in Resources */ = {isa = PBXBuildFile; fileRef = B0830FDE1E534D6B005DA583 /* Assets.xcassets */; };
		B0830FE21E534D6B005DA583 /* LaunchScreen.storyboard in Resources */ = {isa = PBXBuildFile; fileRef = B0830FE01E534D6B005DA583 /* LaunchScreen.storyboard */; };
		B0830FEA1E534DCE005DA583 /* Countries.plist in Resources */ = {isa = PBXBuildFile; fileRef = B0830FE91E534DCE005DA583 /* Countries.plist */; };
		B08310121E53550B005DA583 /* argentina.gif in Resources */ = {isa = PBXBuildFile; fileRef = B0830FEC1E53550B005DA583 /* argentina.gif */; };
		B08310131E53550B005DA583 /* armenia.gif in Resources */ = {isa = PBXBuildFile; fileRef = B0830FED1E53550B005DA583 /* armenia.gif */; };
		B08310141E53550B005DA583 /* belize.gif in Resources */ = {isa = PBXBuildFile; fileRef = B0830FEE1E53550B005DA583 /* belize.gif */; };
		B08310151E53550B005DA583 /* benin.gif in Resources */ = {isa = PBXBuildFile; fileRef = B0830FEF1E53550B005DA583 /* benin.gif */; };
		B08310161E53550B005DA583 /* bhutan.gif in Resources */ = {isa = PBXBuildFile; fileRef = B0830FF01E53550B005DA583 /* bhutan.gif */; };
		B08310171E53550B005DA583 /* bosnia_and_herzegovina.gif in Resources */ = {isa = PBXBuildFile; fileRef = B0830FF11E53550B005DA583 /* bosnia_and_herzegovina.gif */; };
		B08310181E53550B005DA583 /* bulgaria.gif in Resources */ = {isa = PBXBuildFile; fileRef = B0830FF21E53550B005DA583 /* bulgaria.gif */; };
		B08310191E53550B005DA583 /* burkina_faso.gif in Resources */ = {isa = PBXBuildFile; fileRef = B0830FF31E53550B005DA583 /* burkina_faso.gif */; };
		B083101A1E53550B005DA583 /* croatia.gif in Resources */ = {isa = PBXBuildFile; fileRef = B0830FF41E53550B005DA583 /* croatia.gif */; };
		B083101B1E53550B005DA583 /* czech_republic.gif in Resources */ = {isa = PBXBuildFile; fileRef = B0830FF51E53550B005DA583 /* czech_republic.gif */; };
		B083101C1E53550B005DA583 /* eritrea.gif in Resources */ = {isa = PBXBuildFile; fileRef = B0830FF61E53550B005DA583 /* eritrea.gif */; };
		B083101D1E53550B005DA583 /* greece.gif in Resources */ = {isa = PBXBuildFile; fileRef = B0830FF71E53550B005DA583 /* greece.gif */; };
		B083101E1E53550B005DA583 /* honduras.gif in Resources */ = {isa = PBXBuildFile; fileRef = B0830FF81E53550B005DA583 /* honduras.gif */; };
		B083101F1E53550B005DA583 /* india.gif in Resources */ = {isa = PBXBuildFile; fileRef = B0830FF91E53550B005DA583 /* india.gif */; };
		B08310201E53550B005DA583 /* indonesia.gif in Resources */ = {isa = PBXBuildFile; fileRef = B0830FFA1E53550B005DA583 /* indonesia.gif */; };
		B08310211E53550B005DA583 /* israel.gif in Resources */ = {isa = PBXBuildFile; fileRef = B0830FFB1E53550B005DA583 /* israel.gif */; };
		B08310221E53550B005DA583 /* japan.gif in Resources */ = {isa = PBXBuildFile; fileRef = B0830FFC1E53550B005DA583 /* japan.gif */; };
		B08310231E53550B005DA583 /* kenya.gif in Resources */ = {isa = PBXBuildFile; fileRef = B0830FFD1E53550B005DA583 /* kenya.gif */; };
		B08310241E53550B005DA583 /* kosovo.gif in Resources */ = {isa = PBXBuildFile; fileRef = B0830FFE1E53550B005DA583 /* kosovo.gif */; };
		B08310251E53550B005DA583 /* kuwait.gif in Resources */ = {isa = PBXBuildFile; fileRef = B0830FFF1E53550B005DA583 /* kuwait.gif */; };
		B08310261E53550B005DA583 /* kyrgyzstan.gif in Resources */ = {isa = PBXBuildFile; fileRef = B08310001E53550B005DA583 /* kyrgyzstan.gif */; };
		B08310271E53550B005DA583 /* luxembourg.gif in Resources */ = {isa = PBXBuildFile; fileRef = B08310011E53550B005DA583 /* luxembourg.gif */; };
		B08310281E53550B005DA583 /* madagascar.gif in Resources */ = {isa = PBXBuildFile; fileRef = B08310021E53550B005DA583 /* madagascar.gif */; };
		B08310291E53550B005DA583 /* malawi.gif in Resources */ = {isa = PBXBuildFile; fileRef = B08310031E53550B005DA583 /* malawi.gif */; };
		B083102A1E53550B005DA583 /* maldives.gif in Resources */ = {isa = PBXBuildFile; fileRef = B08310041E53550B005DA583 /* maldives.gif */; };
		B083102B1E53550B005DA583 /* malta.gif in Resources */ = {isa = PBXBuildFile; fileRef = B08310051E53550B005DA583 /* malta.gif */; };
		B083102C1E53550B005DA583 /* morocco.gif in Resources */ = {isa = PBXBuildFile; fileRef = B08310061E53550B005DA583 /* morocco.gif */; };
		B083102D1E53550B005DA583 /* mozambique.gif in Resources */ = {isa = PBXBuildFile; fileRef = B08310071E53550B005DA583 /* mozambique.gif */; };
		B083102E1E53550B005DA583 /* netherlands.gif in Resources */ = {isa = PBXBuildFile; fileRef = B08310081E53550B005DA583 /* netherlands.gif */; };
		B083102F1E53550B005DA583 /* oman.gif in Resources */ = {isa = PBXBuildFile; fileRef = B08310091E53550B005DA583 /* oman.gif */; };
		B08310301E53550B005DA583 /* poland.gif in Resources */ = {isa = PBXBuildFile; fileRef = B083100A1E53550B005DA583 /* poland.gif */; };
		B08310311E53550B005DA583 /* puerto_rico.gif in Resources */ = {isa = PBXBuildFile; fileRef = B083100B1E53550B005DA583 /* puerto_rico.gif */; };
		B08310321E53550B005DA583 /* saint_lucia.gif in Resources */ = {isa = PBXBuildFile; fileRef = B083100C1E53550B005DA583 /* saint_lucia.gif */; };
		B08310331E53550B005DA583 /* seychelles.gif in Resources */ = {isa = PBXBuildFile; fileRef = B083100D1E53550B005DA583 /* seychelles.gif */; };
		B08310341E53550B005DA583 /* suriname.gif in Resources */ = {isa = PBXBuildFile; fileRef = B083100E1E53550B005DA583 /* suriname.gif */; };
		B08310351E53550B005DA583 /* united_kingdom.gif in Resources */ = {isa = PBXBuildFile; fileRef = B083100F1E53550B005DA583 /* united_kingdom.gif */; };
		B08310361E53550B005DA583 /* vanuatu.gif in Resources */ = {isa = PBXBuildFile; fileRef = B08310101E53550B005DA583 /* vanuatu.gif */; };
		B08310371E53550B005DA583 /* vietnam.gif in Resources */ = {isa = PBXBuildFile; fileRef = B08310111E53550B005DA583 /* vietnam.gif */; };
/* End PBXBuildFile section */

/* Begin PBXFileReference section */
		B0830FD41E534D6B005DA583 /* Exercises.app */ = {isa = PBXFileReference; explicitFileType = wrapper.application; includeInIndex = 0; path = Exercises.app; sourceTree = BUILT_PRODUCTS_DIR; };
		B0830FD71E534D6B005DA583 /* AppDelegate.swift */ = {isa = PBXFileReference; lastKnownFileType = sourcecode.swift; path = AppDelegate.swift; sourceTree = "<group>"; };
		B0830FD91E534D6B005DA583 /* ViewController.swift */ = {isa = PBXFileReference; lastKnownFileType = sourcecode.swift; path = ViewController.swift; sourceTree = "<group>"; };
		B0830FDC1E534D6B005DA583 /* Base */ = {isa = PBXFileReference; lastKnownFileType = file.storyboard; name = Base; path = Base.lproj/Main.storyboard; sourceTree = "<group>"; };
		B0830FDE1E534D6B005DA583 /* Assets.xcassets */ = {isa = PBXFileReference; lastKnownFileType = folder.assetcatalog; path = Assets.xcassets; sourceTree = "<group>"; };
		B0830FE11E534D6B005DA583 /* Base */ = {isa = PBXFileReference; lastKnownFileType = file.storyboard; name = Base; path = Base.lproj/LaunchScreen.storyboard; sourceTree = "<group>"; };
		B0830FE31E534D6B005DA583 /* Info.plist */ = {isa = PBXFileReference; lastKnownFileType = text.plist.xml; path = Info.plist; sourceTree = "<group>"; };
		B0830FE91E534DCE005DA583 /* Countries.plist */ = {isa = PBXFileReference; fileEncoding = 4; lastKnownFileType = text.plist.xml; path = Countries.plist; sourceTree = "<group>"; };
		B0830FEC1E53550B005DA583 /* argentina.gif */ = {isa = PBXFileReference; lastKnownFileType = image.gif; path = argentina.gif; sourceTree = "<group>"; };
		B0830FED1E53550B005DA583 /* armenia.gif */ = {isa = PBXFileReference; lastKnownFileType = image.gif; path = armenia.gif; sourceTree = "<group>"; };
		B0830FEE1E53550B005DA583 /* belize.gif */ = {isa = PBXFileReference; lastKnownFileType = image.gif; path = belize.gif; sourceTree = "<group>"; };
		B0830FEF1E53550B005DA583 /* benin.gif */ = {isa = PBXFileReference; lastKnownFileType = image.gif; path = benin.gif; sourceTree = "<group>"; };
		B0830FF01E53550B005DA583 /* bhutan.gif */ = {isa = PBXFileReference; lastKnownFileType = image.gif; path = bhutan.gif; sourceTree = "<group>"; };
		B0830FF11E53550B005DA583 /* bosnia_and_herzegovina.gif */ = {isa = PBXFileReference; lastKnownFileType = image.gif; path = bosnia_and_herzegovina.gif; sourceTree = "<group>"; };
		B0830FF21E53550B005DA583 /* bulgaria.gif */ = {isa = PBXFileReference; lastKnownFileType = image.gif; path = bulgaria.gif; sourceTree = "<group>"; };
		B0830FF31E53550B005DA583 /* burkina_faso.gif */ = {isa = PBXFileReference; lastKnownFileType = image.gif; path = burkina_faso.gif; sourceTree = "<group>"; };
		B0830FF41E53550B005DA583 /* croatia.gif */ = {isa = PBXFileReference; lastKnownFileType = image.gif; path = croatia.gif; sourceTree = "<group>"; };
		B0830FF51E53550B005DA583 /* czech_republic.gif */ = {isa = PBXFileReference; lastKnownFileType = image.gif; path = czech_republic.gif; sourceTree = "<group>"; };
		B0830FF61E53550B005DA583 /* eritrea.gif */ = {isa = PBXFileReference; lastKnownFileType = image.gif; path = eritrea.gif; sourceTree = "<group>"; };
		B0830FF71E53550B005DA583 /* greece.gif */ = {isa = PBXFileReference; lastKnownFileType = image.gif; path = greece.gif; sourceTree = "<group>"; };
		B0830FF81E53550B005DA583 /* honduras.gif */ = {isa = PBXFileReference; lastKnownFileType = image.gif; path = honduras.gif; sourceTree = "<group>"; };
		B0830FF91E53550B005DA583 /* india.gif */ = {isa = PBXFileReference; lastKnownFileType = image.gif; path = india.gif; sourceTree = "<group>"; };
		B0830FFA1E53550B005DA583 /* indonesia.gif */ = {isa = PBXFileReference; lastKnownFileType = image.gif; path = indonesia.gif; sourceTree = "<group>"; };
		B0830FFB1E53550B005DA583 /* israel.gif */ = {isa = PBXFileReference; lastKnownFileType = image.gif; path = israel.gif; sourceTree = "<group>"; };
		B0830FFC1E53550B005DA583 /* japan.gif */ = {isa = PBXFileReference; lastKnownFileType = image.gif; path = japan.gif; sourceTree = "<group>"; };
		B0830FFD1E53550B005DA583 /* kenya.gif */ = {isa = PBXFileReference; lastKnownFileType = image.gif; path = kenya.gif; sourceTree = "<group>"; };
		B0830FFE1E53550B005DA583 /* kosovo.gif */ = {isa = PBXFileReference; lastKnownFileType = image.gif; path = kosovo.gif; sourceTree = "<group>"; };
		B0830FFF1E53550B005DA583 /* kuwait.gif */ = {isa = PBXFileReference; lastKnownFileType = image.gif; path = kuwait.gif; sourceTree = "<group>"; };
		B08310001E53550B005DA583 /* kyrgyzstan.gif */ = {isa = PBXFileReference; lastKnownFileType = image.gif; path = kyrgyzstan.gif; sourceTree = "<group>"; };
		B08310011E53550B005DA583 /* luxembourg.gif */ = {isa = PBXFileReference; lastKnownFileType = image.gif; path = luxembourg.gif; sourceTree = "<group>"; };
		B08310021E53550B005DA583 /* madagascar.gif */ = {isa = PBXFileReference; lastKnownFileType = image.gif; path = madagascar.gif; sourceTree = "<group>"; };
		B08310031E53550B005DA583 /* malawi.gif */ = {isa = PBXFileReference; lastKnownFileType = image.gif; path = malawi.gif; sourceTree = "<group>"; };
		B08310041E53550B005DA583 /* maldives.gif */ = {isa = PBXFileReference; lastKnownFileType = image.gif; path = maldives.gif; sourceTree = "<group>"; };
		B08310051E53550B005DA583 /* malta.gif */ = {isa = PBXFileReference; lastKnownFileType = image.gif; path = malta.gif; sourceTree = "<group>"; };
		B08310061E53550B005DA583 /* morocco.gif */ = {isa = PBXFileReference; lastKnownFileType = image.gif; path = morocco.gif; sourceTree = "<group>"; };
		B08310071E53550B005DA583 /* mozambique.gif */ = {isa = PBXFileReference; lastKnownFileType = image.gif; path = mozambique.gif; sourceTree = "<group>"; };
		B08310081E53550B005DA583 /* netherlands.gif */ = {isa = PBXFileReference; lastKnownFileType = image.gif; path = netherlands.gif; sourceTree = "<group>"; };
		B08310091E53550B005DA583 /* oman.gif */ = {isa = PBXFileReference; lastKnownFileType = image.gif; path = oman.gif; sourceTree = "<group>"; };
		B083100A1E53550B005DA583 /* poland.gif */ = {isa = PBXFileReference; lastKnownFileType = image.gif; path = poland.gif; sourceTree = "<group>"; };
		B083100B1E53550B005DA583 /* puerto_rico.gif */ = {isa = PBXFileReference; lastKnownFileType = image.gif; path = puerto_rico.gif; sourceTree = "<group>"; };
		B083100C1E53550B005DA583 /* saint_lucia.gif */ = {isa = PBXFileReference; lastKnownFileType = image.gif; path = saint_lucia.gif; sourceTree = "<group>"; };
		B083100D1E53550B005DA583 /* seychelles.gif */ = {isa = PBXFileReference; lastKnownFileType = image.gif; path = seychelles.gif; sourceTree = "<group>"; };
		B083100E1E53550B005DA583 /* suriname.gif */ = {isa = PBXFileReference; lastKnownFileType = image.gif; path = suriname.gif; sourceTree = "<group>"; };
		B083100F1E53550B005DA583 /* united_kingdom.gif */ = {isa = PBXFileReference; lastKnownFileType = image.gif; path = united_kingdom.gif; sourceTree = "<group>"; };
		B08310101E53550B005DA583 /* vanuatu.gif */ = {isa = PBXFileReference; lastKnownFileType = image.gif; path = vanuatu.gif; sourceTree = "<group>"; };
		B08310111E53550B005DA583 /* vietnam.gif */ = {isa = PBXFileReference; lastKnownFileType = image.gif; path = vietnam.gif; sourceTree = "<group>"; };
/* End PBXFileReference section */

/* Begin PBXFrameworksBuildPhase section */
		B0830FD11E534D6B005DA583 /* Frameworks */ = {
			isa = PBXFrameworksBuildPhase;
			buildActionMask = 2147483647;
			files = (
			);
			runOnlyForDeploymentPostprocessing = 0;
		};
/* End PBXFrameworksBuildPhase section */

/* Begin PBXGroup section */
		B0830FCB1E534D6B005DA583 = {
			isa = PBXGroup;
			children = (
				B0830FD61E534D6B005DA583 /* Exercises */,
				B0830FD51E534D6B005DA583 /* Products */,
			);
			sourceTree = "<group>";
		};
		B0830FD51E534D6B005DA583 /* Products */ = {
			isa = PBXGroup;
			children = (
				B0830FD41E534D6B005DA583 /* Exercises.app */,
			);
			name = Products;
			sourceTree = "<group>";
		};
		B0830FD61E534D6B005DA583 /* Exercises */ = {
			isa = PBXGroup;
			children = (
				B0830FEB1E53550B005DA583 /* flags */,
				B0830FD71E534D6B005DA583 /* AppDelegate.swift */,
				B0830FD91E534D6B005DA583 /* ViewController.swift */,
				B0830FDB1E534D6B005DA583 /* Main.storyboard */,
				B0830FDE1E534D6B005DA583 /* Assets.xcassets */,
				B0830FE01E534D6B005DA583 /* LaunchScreen.storyboard */,
				B0830FE31E534D6B005DA583 /* Info.plist */,
				B0830FE91E534DCE005DA583 /* Countries.plist */,
			);
			path = Exercises;
			sourceTree = "<group>";
		};
		B0830FEB1E53550B005DA583 /* flags */ = {
			isa = PBXGroup;
			children = (
				B0830FEC1E53550B005DA583 /* argentina.gif */,
				B0830FED1E53550B005DA583 /* armenia.gif */,
				B0830FEE1E53550B005DA583 /* belize.gif */,
				B0830FEF1E53550B005DA583 /* benin.gif */,
				B0830FF01E53550B005DA583 /* bhutan.gif */,
				B0830FF11E53550B005DA583 /* bosnia_and_herzegovina.gif */,
				B0830FF21E53550B005DA583 /* bulgaria.gif */,
				B0830FF31E53550B005DA583 /* burkina_faso.gif */,
				B0830FF41E53550B005DA583 /* croatia.gif */,
				B0830FF51E53550B005DA583 /* czech_republic.gif */,
				B0830FF61E53550B005DA583 /* eritrea.gif */,
				B0830FF71E53550B005DA583 /* greece.gif */,
				B0830FF81E53550B005DA583 /* honduras.gif */,
				B0830FF91E53550B005DA583 /* india.gif */,
				B0830FFA1E53550B005DA583 /* indonesia.gif */,
				B0830FFB1E53550B005DA583 /* israel.gif */,
				B0830FFC1E53550B005DA583 /* japan.gif */,
				B0830FFD1E53550B005DA583 /* kenya.gif */,
				B0830FFE1E53550B005DA583 /* kosovo.gif */,
				B0830FFF1E53550B005DA583 /* kuwait.gif */,
				B08310001E53550B005DA583 /* kyrgyzstan.gif */,
				B08310011E53550B005DA583 /* luxembourg.gif */,
				B08310021E53550B005DA583 /* madagascar.gif */,
				B08310031E53550B005DA583 /* malawi.gif */,
				B08310041E53550B005DA583 /* maldives.gif */,
				B08310051E53550B005DA583 /* malta.gif */,
				B08310061E53550B005DA583 /* morocco.gif */,
				B08310071E53550B005DA583 /* mozambique.gif */,
				B08310081E53550B005DA583 /* netherlands.gif */,
				B08310091E53550B005DA583 /* oman.gif */,
				B083100A1E53550B005DA583 /* poland.gif */,
				B083100B1E53550B005DA583 /* puerto_rico.gif */,
				B083100C1E53550B005DA583 /* saint_lucia.gif */,
				B083100D1E53550B005DA583 /* seychelles.gif */,
				B083100E1E53550B005DA583 /* suriname.gif */,
				B083100F1E53550B005DA583 /* united_kingdom.gif */,
				B08310101E53550B005DA583 /* vanuatu.gif */,
				B08310111E53550B005DA583 /* vietnam.gif */,
			);
			path = flags;
			sourceTree = "<group>";
		};
/* End PBXGroup section */

/* Begin PBXNativeTarget section */
		B0830FD31E534D6B005DA583 /* Exercises */ = {
			isa = PBXNativeTarget;
			buildConfigurationList = B0830FE61E534D6B005DA583 /* Build configuration list for PBXNativeTarget "Exercises" */;
			buildPhases = (
				B0830FD01E534D6B005DA583 /* Sources */,
				B0830FD11E534D6B005DA583 /* Frameworks */,
				B0830FD21E534D6B005DA583 /* Resources */,
			);
			buildRules = (
			);
			dependencies = (
			);
			name = Exercises;
			productName = Exercises;
			productReference = B0830FD41E534D6B005DA583 /* Exercises.app */;
			productType = "com.apple.product-type.application";
		};
/* End PBXNativeTarget section */

/* Begin PBXProject section */
		B0830FCC1E534D6B005DA583 /* Project object */ = {
			isa = PBXProject;
			attributes = {
				LastSwiftUpdateCheck = 0820;
				LastUpgradeCheck = 1020;
				ORGANIZATIONNAME = "Adrian Kosmaczewski";
				TargetAttributes = {
					B0830FD31E534D6B005DA583 = {
						CreatedOnToolsVersion = 8.2.1;
						LastSwiftMigration = 1020;
						ProvisioningStyle = Automatic;
					};
				};
			};
			buildConfigurationList = B0830FCF1E534D6B005DA583 /* Build configuration list for PBXProject "Exercises" */;
			compatibilityVersion = "Xcode 3.2";
			developmentRegion = en;
			hasScannedForEncodings = 0;
			knownRegions = (
				en,
				Base,
			);
			mainGroup = B0830FCB1E534D6B005DA583;
			productRefGroup = B0830FD51E534D6B005DA583 /* Products */;
			projectDirPath = "";
			projectRoot = "";
			targets = (
				B0830FD31E534D6B005DA583 /* Exercises */,
			);
		};
/* End PBXProject section */

/* Begin PBXResourcesBuildPhase section */
		B0830FD21E534D6B005DA583 /* Resources */ = {
			isa = PBXResourcesBuildPhase;
			buildActionMask = 2147483647;
			files = (
				B08310201E53550B005DA583 /* indonesia.gif in Resources */,
				B08310321E53550B005DA583 /* saint_lucia.gif in Resources */,
				B083102F1E53550B005DA583 /* oman.gif in Resources */,
				B08310141E53550B005DA583 /* belize.gif in Resources */,
				B08310211E53550B005DA583 /* israel.gif in Resources */,
				B083102E1E53550B005DA583 /* netherlands.gif in Resources */,
				B083102C1E53550B005DA583 /* morocco.gif in Resources */,
				B08310151E53550B005DA583 /* benin.gif in Resources */,
				B08310281E53550B005DA583 /* madagascar.gif in Resources */,
				B0830FE21E534D6B005DA583 /* LaunchScreen.storyboard in Resources */,
				B08310121E53550B005DA583 /* argentina.gif in Resources */,
				B083101C1E53550B005DA583 /* eritrea.gif in Resources */,
				B08310241E53550B005DA583 /* kosovo.gif in Resources */,
				B083101B1E53550B005DA583 /* czech_republic.gif in Resources */,
				B08310191E53550B005DA583 /* burkina_faso.gif in Resources */,
				B08310371E53550B005DA583 /* vietnam.gif in Resources */,
				B08310351E53550B005DA583 /* united_kingdom.gif in Resources */,
				B083102D1E53550B005DA583 /* mozambique.gif in Resources */,
				B083102A1E53550B005DA583 /* maldives.gif in Resources */,
				B08310301E53550B005DA583 /* poland.gif in Resources */,
				B08310271E53550B005DA583 /* luxembourg.gif in Resources */,
				B08310331E53550B005DA583 /* seychelles.gif in Resources */,
				B08310161E53550B005DA583 /* bhutan.gif in Resources */,
				B08310291E53550B005DA583 /* malawi.gif in Resources */,
				B083101F1E53550B005DA583 /* india.gif in Resources */,
				B08310231E53550B005DA583 /* kenya.gif in Resources */,
				B08310311E53550B005DA583 /* puerto_rico.gif in Resources */,
				B083101E1E53550B005DA583 /* honduras.gif in Resources */,
				B08310131E53550B005DA583 /* armenia.gif in Resources */,
				B083101D1E53550B005DA583 /* greece.gif in Resources */,
				B08310181E53550B005DA583 /* bulgaria.gif in Resources */,
				B0830FEA1E534DCE005DA583 /* Countries.plist in Resources */,
				B08310261E53550B005DA583 /* kyrgyzstan.gif in Resources */,
				B08310171E53550B005DA583 /* bosnia_and_herzegovina.gif in Resources */,
				B083102B1E53550B005DA583 /* malta.gif in Resources */,
				B08310361E53550B005DA583 /* vanuatu.gif in Resources */,
				B08310341E53550B005DA583 /* suriname.gif in Resources */,
				B08310251E53550B005DA583 /* kuwait.gif in Resources */,
				B0830FDF1E534D6B005DA583 /* Assets.xcassets in Resources */,
				B08310221E53550B005DA583 /* japan.gif in Resources */,
				B0830FDD1E534D6B005DA583 /* Main.storyboard in Resources */,
				B083101A1E53550B005DA583 /* croatia.gif in Resources */,
			);
			runOnlyForDeploymentPostprocessing = 0;
		};
/* End PBXResourcesBuildPhase section */

/* Begin PBXSourcesBuildPhase section */
		B0830FD01E534D6B005DA583 /* Sources */ = {
			isa = PBXSourcesBuildPhase;
			buildActionMask = 2147483647;
			files = (
				B0830FDA1E534D6B005DA583 /* ViewController.swift in Sources */,
				B0830FD81E534D6B005DA583 /* AppDelegate.swift in Sources */,
			);
			runOnlyForDeploymentPostprocessing = 0;
		};
/* End PBXSourcesBuildPhase section */

/* Begin PBXVariantGroup section */
		B0830FDB1E534D6B005DA583 /* Main.storyboard */ = {
			isa = PBXVariantGroup;
			children = (
				B0830FDC1E534D6B005DA583 /* Base */,
			);
			name = Main.storyboard;
			sourceTree = "<group>";
		};
		B0830FE01E534D6B005DA583 /* LaunchScreen.storyboard */ = {
			isa = PBXVariantGroup;
			children = (
				B0830FE11E534D6B005DA583 /* Base */,
			);
			name = LaunchScreen.storyboard;
			sourceTree = "<group>";
		};
/* End PBXVariantGroup section */

/* Begin XCBuildConfiguration section */
		B0830FE41E534D6B005DA583 /* Debug */ = {
			isa = XCBuildConfiguration;
			buildSettings = {
				ALWAYS_SEARCH_USER_PATHS = NO;
				CLANG_ANALYZER_LOCALIZABILITY_NONLOCALIZED = YES;
				CLANG_ANALYZER_NONNULL = YES;
				CLANG_CXX_LANGUAGE_STANDARD = "gnu++0x";
				CLANG_CXX_LIBRARY = "libc++";
				CLANG_ENABLE_MODULES = YES;
				CLANG_ENABLE_OBJC_ARC = YES;
				CLANG_WARN_BLOCK_CAPTURE_AUTORELEASING = YES;
				CLANG_WARN_BOOL_CONVERSION = YES;
				CLANG_WARN_COMMA = YES;
				CLANG_WARN_CONSTANT_CONVERSION = YES;
				CLANG_WARN_DEPRECATED_OBJC_IMPLEMENTATIONS = YES;
				CLANG_WARN_DIRECT_OBJC_ISA_USAGE = YES_ERROR;
				CLANG_WARN_DOCUMENTATION_COMMENTS = YES;
				CLANG_WARN_EMPTY_BODY = YES;
				CLANG_WARN_ENUM_CONVERSION = YES;
				CLANG_WARN_INFINITE_RECURSION = YES;
				CLANG_WARN_INT_CONVERSION = YES;
				CLANG_WARN_NON_LITERAL_NULL_CONVERSION = YES;
				CLANG_WARN_OBJC_IMPLICIT_RETAIN_SELF = YES;
				CLANG_WARN_OBJC_LITERAL_CONVERSION = YES;
				CLANG_WARN_OBJC_ROOT_CLASS = YES_ERROR;
				CLANG_WARN_RANGE_LOOP_ANALYSIS = YES;
				CLANG_WARN_STRICT_PROTOTYPES = YES;
				CLANG_WARN_SUSPICIOUS_MOVE = YES;
				CLANG_WARN_UNREACHABLE_CODE = YES;
				CLANG_WARN__DUPLICATE_METHOD_MATCH = YES;
				"CODE_SIGN_IDENTITY[sdk=iphoneos*]" = "iPhone Developer";
				COPY_PHASE_STRIP = NO;
				DEBUG_INFORMATION_FORMAT = dwarf;
				ENABLE_STRICT_OBJC_MSGSEND = YES;
				ENABLE_TESTABILITY = YES;
				GCC_C_LANGUAGE_STANDARD = gnu99;
				GCC_DYNAMIC_NO_PIC = NO;
				GCC_NO_COMMON_BLOCKS = YES;
				GCC_OPTIMIZATION_LEVEL = 0;
				GCC_PREPROCESSOR_DEFINITIONS = (
					"DEBUG=1",
					"$(inherited)",
				);
				GCC_WARN_64_TO_32_BIT_CONVERSION = YES;
				GCC_WARN_ABOUT_RETURN_TYPE = YES_ERROR;
				GCC_WARN_UNDECLARED_SELECTOR = YES;
				GCC_WARN_UNINITIALIZED_AUTOS = YES_AGGRESSIVE;
				GCC_WARN_UNUSED_FUNCTION = YES;
				GCC_WARN_UNUSED_VARIABLE = YES;
				IPHONEOS_DEPLOYMENT_TARGET = 10.2;
				MTL_ENABLE_DEBUG_INFO = YES;
				ONLY_ACTIVE_ARCH = YES;
				SDKROOT = iphoneos;
				SWIFT_ACTIVE_COMPILATION_CONDITIONS = DEBUG;
				SWIFT_OPTIMIZATION_LEVEL = "-Onone";
			};
			name = Debug;
		};
		B0830FE51E534D6B005DA583 /* Release */ = {
			isa = XCBuildConfiguration;
			buildSettings = {
				ALWAYS_SEARCH_USER_PATHS = NO;
				CLANG_ANALYZER_LOCALIZABILITY_NONLOCALIZED = YES;
				CLANG_ANALYZER_NONNULL = YES;
				CLANG_CXX_LANGUAGE_STANDARD = "gnu++0x";
				CLANG_CXX_LIBRARY = "libc++";
				CLANG_ENABLE_MODULES = YES;
				CLANG_ENABLE_OBJC_ARC = YES;
				CLANG_WARN_BLOCK_CAPTURE_AUTORELEASING = YES;
				CLANG_WARN_BOOL_CONVERSION = YES;
				CLANG_WARN_COMMA = YES;
				CLANG_WARN_CONSTANT_CONVERSION = YES;
				CLANG_WARN_DEPRECATED_OBJC_IMPLEMENTATIONS = YES;
				CLANG_WARN_DIRECT_OBJC_ISA_USAGE = YES_ERROR;
				CLANG_WARN_DOCUMENTATION_COMMENTS = YES;
				CLANG_WARN_EMPTY_BODY = YES;
				CLANG_WARN_ENUM_CONVERSION = YES;
				CLANG_WARN_INFINITE_RECURSION = YES;
				CLANG_WARN_INT_CONVERSION = YES;
				CLANG_WARN_NON_LITERAL_NULL_CONVERSION = YES;
				CLANG_WARN_OBJC_IMPLICIT_RETAIN_SELF = YES;
				CLANG_WARN_OBJC_LITERAL_CONVERSION = YES;
				CLANG_WARN_OBJC_ROOT_CLASS = YES_ERROR;
				CLANG_WARN_RANGE_LOOP_ANALYSIS = YES;
				CLANG_WARN_STRICT_PROTOTYPES = YES;
				CLANG_WARN_SUSPICIOUS_MOVE = YES;
				CLANG_WARN_UNREACHABLE_CODE = YES;
				CLANG_WARN__DUPLICATE_METHOD_MATCH = YES;
				"CODE_SIGN_IDENTITY[sdk=iphoneos*]" = "iPhone Developer";
				COPY_PHASE_STRIP = NO;
				DEBUG_INFORMATION_FORMAT = "dwarf-with-dsym";
				ENABLE_NS_ASSERTIONS = NO;
				ENABLE_STRICT_OBJC_MSGSEND = YES;
				GCC_C_LANGUAGE_STANDARD = gnu99;
				GCC_NO_COMMON_BLOCKS = YES;
				GCC_WARN_64_TO_32_BIT_CONVERSION = YES;
				GCC_WARN_ABOUT_RETURN_TYPE = YES_ERROR;
				GCC_WARN_UNDECLARED_SELECTOR = YES;
				GCC_WARN_UNINITIALIZED_AUTOS = YES_AGGRESSIVE;
				GCC_WARN_UNUSED_FUNCTION = YES;
				GCC_WARN_UNUSED_VARIABLE = YES;
				IPHONEOS_DEPLOYMENT_TARGET = 10.2;
				MTL_ENABLE_DEBUG_INFO = NO;
				SDKROOT = iphoneos;
				SWIFT_OPTIMIZATION_LEVEL = "-Owholemodule";
				VALIDATE_PRODUCT = YES;
			};
			name = Release;
		};
		B0830FE71E534D6B005DA583 /* Debug */ = {
			isa = XCBuildConfiguration;
			buildSettings = {
				ASSETCATALOG_COMPILER_APPICON_NAME = AppIcon;
				DEVELOPMENT_TEAM = "";
				INFOPLIST_FILE = Exercises/Info.plist;
				LD_RUNPATH_SEARCH_PATHS = "$(inherited) @executable_path/Frameworks";
				PRODUCT_BUNDLE_IDENTIFIER = training.akosma.Exercises;
				PRODUCT_NAME = "$(TARGET_NAME)";
				SWIFT_VERSION = 5.0;
			};
			name = Debug;
		};
		B0830FE81E534D6B005DA583 /* Release */ = {
			isa = XCBuildConfiguration;
			buildSettings = {
				ASSETCATALOG_COMPILER_APPICON_NAME = AppIcon;
				DEVELOPMENT_TEAM = "";
				INFOPLIST_FILE = Exercises/Info.plist;
				LD_RUNPATH_SEARCH_PATHS = "$(inherited) @executable_path/Frameworks";
				PRODUCT_BUNDLE_IDENTIFIER = training.akosma.Exercises;
				PRODUCT_NAME = "$(TARGET_NAME)";
				SWIFT_VERSION = 5.0;
			};
			name = Release;
		};
/* End XCBuildConfiguration section */

/* Begin XCConfigurationList section */
		B0830FCF1E534D6B005DA583 /* Build configuration list for PBXProject "Exercises" */ = {
			isa = XCConfigurationList;
			buildConfigurations = (
				B0830FE41E534D6B005DA583 /* Debug */,
				B0830FE51E534D6B005DA583 /* Release */,
			);
			defaultConfigurationIsVisible = 0;
			defaultConfigurationName = Release;
		};
		B0830FE61E534D6B005DA583 /* Build configuration list for PBXNativeTarget "Exercises" */ = {
			isa = XCConfigurationList;
			buildConfigurations = (
				B0830FE71E534D6B005DA583 /* Debug */,
				B0830FE81E534D6B005DA583 /* Release */,
			);
			defaultConfigurationIsVisible = 0;
			defaultConfigurationName = Release;
		};
/* End XCConfigurationList section */
	};
	rootObject = B0830FCC1E534D6B005DA583 /* Project object */;
}
