// !$*UTF8*$!
{
	archiveVersion = 1;
	classes = {
	};
	objectVersion = 46;
	objects = {

/* Begin PBXBuildFile section */
		B04C42041E4CA19200B3FD3F /* AppDelegate.swift in Sources */ = {isa = PBXBuildFile; fileRef = B04C42031E4CA19200B3FD3F /* AppDelegate.swift */; };
		B04C42061E4CA19200B3FD3F /* ViewController.swift in Sources */ = {isa = PBXBuildFile; fileRef = B04C42051E4CA19200B3FD3F /* ViewController.swift */; };
		B04C42091E4CA19200B3FD3F /* Main.storyboard in Resources */ = {isa = PBXBuildFile; fileRef = B04C42071E4CA19200B3FD3F /* Main.storyboard */; };
		B04C420B1E4CA19200B3FD3F /* Assets.xcassets in Resources */ = {isa = PBXBuildFile; fileRef = B04C420A1E4CA19200B3FD3F /* Assets.xcassets */; };
		B04C420E1E4CA19200B3FD3F /* LaunchScreen.storyboard in Resources */ = {isa = PBXBuildFile; fileRef = B04C420C1E4CA19200B3FD3F /* LaunchScreen.storyboard */; };
		B04C42161E4CA1F100B3FD3F /* CenteredRedView.swift in Sources */ = {isa = PBXBuildFile; fileRef = B04C42151E4CA1F100B3FD3F /* CenteredRedView.swift */; };
/* End PBXBuildFile section */

/* Begin PBXFileReference section */
		B04C42001E4CA19200B3FD3F /* Subclass.app */ = {isa = PBXFileReference; explicitFileType = wrapper.application; includeInIndex = 0; path = Subclass.app; sourceTree = BUILT_PRODUCTS_DIR; };
		B04C42031E4CA19200B3FD3F /* AppDelegate.swift */ = {isa = PBXFileReference; lastKnownFileType = sourcecode.swift; path = AppDelegate.swift; sourceTree = "<group>"; };
		B04C42051E4CA19200B3FD3F /* ViewController.swift */ = {isa = PBXFileReference; lastKnownFileType = sourcecode.swift; path = ViewController.swift; sourceTree = "<group>"; };
		B04C42081E4CA19200B3FD3F /* Base */ = {isa = PBXFileReference; lastKnownFileType = file.storyboard; name = Base; path = Base.lproj/Main.storyboard; sourceTree = "<group>"; };
		B04C420A1E4CA19200B3FD3F /* Assets.xcassets */ = {isa = PBXFileReference; lastKnownFileType = folder.assetcatalog; path = Assets.xcassets; sourceTree = "<group>"; };
		B04C420D1E4CA19200B3FD3F /* Base */ = {isa = PBXFileReference; lastKnownFileType = file.storyboard; name = Base; path = Base.lproj/LaunchScreen.storyboard; sourceTree = "<group>"; };
		B04C420F1E4CA19200B3FD3F /* Info.plist */ = {isa = PBXFileReference; lastKnownFileType = text.plist.xml; path = Info.plist; sourceTree = "<group>"; };
		B04C42151E4CA1F100B3FD3F /* CenteredRedView.swift */ = {isa = PBXFileReference; fileEncoding = 4; lastKnownFileType = sourcecode.swift; path = CenteredRedView.swift; sourceTree = "<group>"; };
/* End PBXFileReference section */

/* Begin PBXFrameworksBuildPhase section */
		B04C41FD1E4CA19200B3FD3F /* Frameworks */ = {
			isa = PBXFrameworksBuildPhase;
			buildActionMask = 2147483647;
			files = (
			);
			runOnlyForDeploymentPostprocessing = 0;
		};
/* End PBXFrameworksBuildPhase section */

/* Begin PBXGroup section */
		B04C41F71E4CA19200B3FD3F = {
			isa = PBXGroup;
			children = (
				B04C42021E4CA19200B3FD3F /* Subclass */,
				B04C42011E4CA19200B3FD3F /* Products */,
			);
			sourceTree = "<group>";
		};
		B04C42011E4CA19200B3FD3F /* Products */ = {
			isa = PBXGroup;
			children = (
				B04C42001E4CA19200B3FD3F /* Subclass.app */,
			);
			name = Products;
			sourceTree = "<group>";
		};
		B04C42021E4CA19200B3FD3F /* Subclass */ = {
			isa = PBXGroup;
			children = (
				B04C42031E4CA19200B3FD3F /* AppDelegate.swift */,
				B04C42051E4CA19200B3FD3F /* ViewController.swift */,
				B04C42071E4CA19200B3FD3F /* Main.storyboard */,
				B04C420A1E4CA19200B3FD3F /* Assets.xcassets */,
				B04C420C1E4CA19200B3FD3F /* LaunchScreen.storyboard */,
				B04C420F1E4CA19200B3FD3F /* Info.plist */,
				B04C42151E4CA1F100B3FD3F /* CenteredRedView.swift */,
			);
			path = Subclass;
			sourceTree = "<group>";
		};
/* End PBXGroup section */

/* Begin PBXNativeTarget section */
		B04C41FF1E4CA19200B3FD3F /* Subclass */ = {
			isa = PBXNativeTarget;
			buildConfigurationList = B04C42121E4CA19200B3FD3F /* Build configuration list for PBXNativeTarget "Subclass" */;
			buildPhases = (
				B04C41FC1E4CA19200B3FD3F /* Sources */,
				B04C41FD1E4CA19200B3FD3F /* Frameworks */,
				B04C41FE1E4CA19200B3FD3F /* Resources */,
			);
			buildRules = (
			);
			dependencies = (
			);
			name = Subclass;
			productName = Subclass;
			productReference = B04C42001E4CA19200B3FD3F /* Subclass.app */;
			productType = "com.apple.product-type.application";
		};
/* End PBXNativeTarget section */

/* Begin PBXProject section */
		B04C41F81E4CA19200B3FD3F /* Project object */ = {
			isa = PBXProject;
			attributes = {
				LastSwiftUpdateCheck = 0820;
				LastUpgradeCheck = 1020;
				ORGANIZATIONNAME = "Adrian Kosmaczewski";
				TargetAttributes = {
					B04C41FF1E4CA19200B3FD3F = {
						CreatedOnToolsVersion = 8.2.1;
						DevelopmentTeam = AN4B7258WJ;
						LastSwiftMigration = 1020;
						ProvisioningStyle = Automatic;
					};
				};
			};
			buildConfigurationList = B04C41FB1E4CA19200B3FD3F /* Build configuration list for PBXProject "Subclass" */;
			compatibilityVersion = "Xcode 3.2";
			developmentRegion = en;
			hasScannedForEncodings = 0;
			knownRegions = (
				en,
				Base,
			);
			mainGroup = B04C41F71E4CA19200B3FD3F;
			productRefGroup = B04C42011E4CA19200B3FD3F /* Products */;
			projectDirPath = "";
			projectRoot = "";
			targets = (
				B04C41FF1E4CA19200B3FD3F /* Subclass */,
			);
		};
/* End PBXProject section */

/* Begin PBXResourcesBuildPhase section */
		B04C41FE1E4CA19200B3FD3F /* Resources */ = {
			isa = PBXResourcesBuildPhase;
			buildActionMask = 2147483647;
			files = (
				B04C420E1E4CA19200B3FD3F /* LaunchScreen.storyboard in Resources */,
				B04C420B1E4CA19200B3FD3F /* Assets.xcassets in Resources */,
				B04C42091E4CA19200B3FD3F /* Main.storyboard in Resources */,
			);
			runOnlyForDeploymentPostprocessing = 0;
		};
/* End PBXResourcesBuildPhase section */

/* Begin PBXSourcesBuildPhase section */
		B04C41FC1E4CA19200B3FD3F /* Sources */ = {
			isa = PBXSourcesBuildPhase;
			buildActionMask = 2147483647;
			files = (
				B04C42161E4CA1F100B3FD3F /* CenteredRedView.swift in Sources */,
				B04C42061E4CA19200B3FD3F /* ViewController.swift in Sources */,
				B04C42041E4CA19200B3FD3F /* AppDelegate.swift in Sources */,
			);
			runOnlyForDeploymentPostprocessing = 0;
		};
/* End PBXSourcesBuildPhase section */

/* Begin PBXVariantGroup section */
		B04C42071E4CA19200B3FD3F /* Main.storyboard */ = {
			isa = PBXVariantGroup;
			children = (
				B04C42081E4CA19200B3FD3F /* Base */,
			);
			name = Main.storyboard;
			sourceTree = "<group>";
		};
		B04C420C1E4CA19200B3FD3F /* LaunchScreen.storyboard */ = {
			isa = PBXVariantGroup;
			children = (
				B04C420D1E4CA19200B3FD3F /* Base */,
			);
			name = LaunchScreen.storyboard;
			sourceTree = "<group>";
		};
/* End PBXVariantGroup section */

/* Begin XCBuildConfiguration section */
		B04C42101E4CA19200B3FD3F /* Debug */ = {
			isa = XCBuildConfiguration;
			buildSettings = {
				ALWAYS_SEARCH_USER_PATHS = NO;
				CLANG_ANALYZER_LOCALIZABILITY_NONLOCALIZED = YES;
				CLANG_ANALYZER_NONNULL = YES;
				CLANG_CXX_LANGUAGE_STANDARD = "gnu++0x";
				CLANG_CXX_LIBRARY = "libc++";
				CLANG_ENABLE_MODULES = YES;
				CLANG_ENABLE_OBJC_ARC = YES;
				CLANG_WARN_BLOCK_CAPTURE_AUTORELEASING = YES;
				CLANG_WARN_BOOL_CONVERSION = YES;
				CLANG_WARN_COMMA = YES;
				CLANG_WARN_CONSTANT_CONVERSION = YES;
				CLANG_WARN_DEPRECATED_OBJC_IMPLEMENTATIONS = YES;
				CLANG_WARN_DIRECT_OBJC_ISA_USAGE = YES_ERROR;
				CLANG_WARN_DOCUMENTATION_COMMENTS = YES;
				CLANG_WARN_EMPTY_BODY = YES;
				CLANG_WARN_ENUM_CONVERSION = YES;
				CLANG_WARN_INFINITE_RECURSION = YES;
				CLANG_WARN_INT_CONVERSION = YES;
				CLANG_WARN_NON_LITERAL_NULL_CONVERSION = YES;
				CLANG_WARN_OBJC_IMPLICIT_RETAIN_SELF = YES;
				CLANG_WARN_OBJC_LITERAL_CONVERSION = YES;
				CLANG_WARN_OBJC_ROOT_CLASS = YES_ERROR;
				CLANG_WARN_RANGE_LOOP_ANALYSIS = YES;
				CLANG_WARN_STRICT_PROTOTYPES = YES;
				CLANG_WARN_SUSPICIOUS_MOVE = YES;
				CLANG_WARN_UNREACHABLE_CODE = YES;
				CLANG_WARN__DUPLICATE_METHOD_MATCH = YES;
				"CODE_SIGN_IDENTITY[sdk=iphoneos*]" = "iPhone Developer";
				COPY_PHASE_STRIP = NO;
				DEBUG_INFORMATION_FORMAT = dwarf;
				ENABLE_STRICT_OBJC_MSGSEND = YES;
				ENABLE_TESTABILITY = YES;
				GCC_C_LANGUAGE_STANDARD = gnu99;
				GCC_DYNAMIC_NO_PIC = NO;
				GCC_NO_COMMON_BLOCKS = YES;
				GCC_OPTIMIZATION_LEVEL = 0;
				GCC_PREPROCESSOR_DEFINITIONS = (
					"DEBUG=1",
					"$(inherited)",
				);
				GCC_WARN_64_TO_32_BIT_CONVERSION = YES;
				GCC_WARN_ABOUT_RETURN_TYPE = YES_ERROR;
				GCC_WARN_UNDECLARED_SELECTOR = YES;
				GCC_WARN_UNINITIALIZED_AUTOS = YES_AGGRESSIVE;
				GCC_WARN_UNUSED_FUNCTION = YES;
				GCC_WARN_UNUSED_VARIABLE = YES;
				IPHONEOS_DEPLOYMENT_TARGET = 10.2;
				MTL_ENABLE_DEBUG_INFO = YES;
				ONLY_ACTIVE_ARCH = YES;
				SDKROOT = iphoneos;
				SWIFT_ACTIVE_COMPILATION_CONDITIONS = DEBUG;
				SWIFT_OPTIMIZATION_LEVEL = "-Onone";
			};
			name = Debug;
		};
		B04C42111E4CA19200B3FD3F /* Release */ = {
			isa = XCBuildConfiguration;
			buildSettings = {
				ALWAYS_SEARCH_USER_PATHS = NO;
				CLANG_ANALYZER_LOCALIZABILITY_NONLOCALIZED = YES;
				CLANG_ANALYZER_NONNULL = YES;
				CLANG_CXX_LANGUAGE_STANDARD = "gnu++0x";
				CLANG_CXX_LIBRARY = "libc++";
				CLANG_ENABLE_MODULES = YES;
				CLANG_ENABLE_OBJC_ARC = YES;
				CLANG_WARN_BLOCK_CAPTURE_AUTORELEASING = YES;
				CLANG_WARN_BOOL_CONVERSION = YES;
				CLANG_WARN_COMMA = YES;
				CLANG_WARN_CONSTANT_CONVERSION = YES;
				CLANG_WARN_DEPRECATED_OBJC_IMPLEMENTATIONS = YES;
				CLANG_WARN_DIRECT_OBJC_ISA_USAGE = YES_ERROR;
				CLANG_WARN_DOCUMENTATION_COMMENTS = YES;
				CLANG_WARN_EMPTY_BODY = YES;
				CLANG_WARN_ENUM_CONVERSION = YES;
				CLANG_WARN_INFINITE_RECURSION = YES;
				CLANG_WARN_INT_CONVERSION = YES;
				CLANG_WARN_NON_LITERAL_NULL_CONVERSION = YES;
				CLANG_WARN_OBJC_IMPLICIT_RETAIN_SELF = YES;
				CLANG_WARN_OBJC_LITERAL_CONVERSION = YES;
				CLANG_WARN_OBJC_ROOT_CLASS = YES_ERROR;
				CLANG_WARN_RANGE_LOOP_ANALYSIS = YES;
				CLANG_WARN_STRICT_PROTOTYPES = YES;
				CLANG_WARN_SUSPICIOUS_MOVE = YES;
				CLANG_WARN_UNREACHABLE_CODE = YES;
				CLANG_WARN__DUPLICATE_METHOD_MATCH = YES;
				"CODE_SIGN_IDENTITY[sdk=iphoneos*]" = "iPhone Developer";
				COPY_PHASE_STRIP = NO;
				DEBUG_INFORMATION_FORMAT = "dwarf-with-dsym";
				ENABLE_NS_ASSERTIONS = NO;
				ENABLE_STRICT_OBJC_MSGSEND = YES;
				GCC_C_LANGUAGE_STANDARD = gnu99;
				GCC_NO_COMMON_BLOCKS = YES;
				GCC_WARN_64_TO_32_BIT_CONVERSION = YES;
				GCC_WARN_ABOUT_RETURN_TYPE = YES_ERROR;
				GCC_WARN_UNDECLARED_SELECTOR = YES;
				GCC_WARN_UNINITIALIZED_AUTOS = YES_AGGRESSIVE;
				GCC_WARN_UNUSED_FUNCTION = YES;
				GCC_WARN_UNUSED_VARIABLE = YES;
				IPHONEOS_DEPLOYMENT_TARGET = 10.2;
				MTL_ENABLE_DEBUG_INFO = NO;
				SDKROOT = iphoneos;
				SWIFT_OPTIMIZATION_LEVEL = "-Owholemodule";
				VALIDATE_PRODUCT = YES;
			};
			name = Release;
		};
		B04C42131E4CA19200B3FD3F /* Debug */ = {
			isa = XCBuildConfiguration;
			buildSettings = {
				ASSETCATALOG_COMPILER_APPICON_NAME = AppIcon;
				DEVELOPMENT_TEAM = AN4B7258WJ;
				INFOPLIST_FILE = Subclass/Info.plist;
				LD_RUNPATH_SEARCH_PATHS = "$(inherited) @executable_path/Frameworks";
				PRODUCT_BUNDLE_IDENTIFIER = training.akosma.Subclass;
				PRODUCT_NAME = "$(TARGET_NAME)";
				SWIFT_VERSION = 5.0;
			};
			name = Debug;
		};
		B04C42141E4CA19200B3FD3F /* Release */ = {
			isa = XCBuildConfiguration;
			buildSettings = {
				ASSETCATALOG_COMPILER_APPICON_NAME = AppIcon;
				DEVELOPMENT_TEAM = AN4B7258WJ;
				INFOPLIST_FILE = Subclass/Info.plist;
				LD_RUNPATH_SEARCH_PATHS = "$(inherited) @executable_path/Frameworks";
				PRODUCT_BUNDLE_IDENTIFIER = training.akosma.Subclass;
				PRODUCT_NAME = "$(TARGET_NAME)";
				SWIFT_VERSION = 5.0;
			};
			name = Release;
		};
/* End XCBuildConfiguration section */

/* Begin XCConfigurationList section */
		B04C41FB1E4CA19200B3FD3F /* Build configuration list for PBXProject "Subclass" */ = {
			isa = XCConfigurationList;
			buildConfigurations = (
				B04C42101E4CA19200B3FD3F /* Debug */,
				B04C42111E4CA19200B3FD3F /* Release */,
			);
			defaultConfigurationIsVisible = 0;
			defaultConfigurationName = Release;
		};
		B04C42121E4CA19200B3FD3F /* Build configuration list for PBXNativeTarget "Subclass" */ = {
			isa = XCConfigurationList;
			buildConfigurations = (
				B04C42131E4CA19200B3FD3F /* Debug */,
				B04C42141E4CA19200B3FD3F /* Release */,
			);
			defaultConfigurationIsVisible = 0;
			defaultConfigurationName = Release;
		};
/* End XCConfigurationList section */
	};
	rootObject = B04C41F81E4CA19200B3FD3F /* Project object */;
}
